
Microsoft Visual Studio Solution File, Format Version 12.00
# Visual Studio 14
VisualStudioVersion = 14.0.25420.1
MinimumVisualStudioVersion = 10.0.40219.1
Project("{FAE04EC0-301F-11D3-BF4B-00C04F79EFBC}") = "ida_address_convert", "ida_address_convert\ida_address_convert.csproj", "{ED6FC59E-DEE4-4076-8843-C181C79D5886}"
EndProject
Global
	GlobalSection(SolutionConfigurationPlatforms) = preSolution
		Debug|Any CPU = Debug|Any CPU
		Release|Any CPU = Release|Any CPU
	EndGlobalSection
	GlobalSection(ProjectConfigurationPlatforms) = postSolution
		{ED6FC59E-DEE4-4076-8843-C181C79D5886}.Debug|Any CPU.ActiveCfg = Debug|Any CPU
		{ED6FC59E-DEE4-4076-8843-C181C79D5886}.Debug|Any CPU.Build.0 = Debug|Any CPU
		{ED6FC59E-DEE4-4076-8843-C181C79D5886}.Release|Any CPU.ActiveCfg = Release|Any CPU
		{ED6FC59E-DEE4-4076-8843-C181C79D5886}.Release|Any CPU.Build.0 = Release|Any CPU
	EndGlobalSection
	GlobalSection(SolutionProperties) = preSolution
		HideSolutionNode = FALSE
	EndGlobalSection
EndGlobal
